// !$*UTF8*$!
{
	archiveVersion = 1;
	classes = {
	};
	objectVersion = 56;
	objects = {

/* Begin PBXBuildFile section */
		9747A9502C7B7BF300660DE6 /* CoordinatorPatternApp.swift in Sources */ = {isa = PBXBuildFile; fileRef = 9747A94F2C7B7BF300660DE6 /* CoordinatorPatternApp.swift */; };
		9747A9542C7B7BF400660DE6 /* Assets.xcassets in Resources */ = {isa = PBXBuildFile; fileRef = 9747A9532C7B7BF400660DE6 /* Assets.xcassets */; };
		9747A9572C7B7BF400660DE6 /* Preview Assets.xcassets in Resources */ = {isa = PBXBuildFile; fileRef = 9747A9562C7B7BF400660DE6 /* Preview Assets.xcassets */; };
		9747A9612C7B7BF500660DE6 /* CoordinatorPatternTests.swift in Sources */ = {isa = PBXBuildFile; fileRef = 9747A9602C7B7BF500660DE6 /* CoordinatorPatternTests.swift */; };
		9747A96B2C7B7BF500660DE6 /* CoordinatorPatternUITests.swift in Sources */ = {isa = PBXBuildFile; fileRef = 9747A96A2C7B7BF500660DE6 /* CoordinatorPatternUITests.swift */; };
		9747A96D2C7B7BF500660DE6 /* CoordinatorPatternUITestsLaunchTests.swift in Sources */ = {isa = PBXBuildFile; fileRef = 9747A96C2C7B7BF500660DE6 /* CoordinatorPatternUITestsLaunchTests.swift */; };
		9747A97C2C7B7C5900660DE6 /* AppCoordinator.swift in Sources */ = {isa = PBXBuildFile; fileRef = 9747A97B2C7B7C5900660DE6 /* AppCoordinator.swift */; };
		9747A97E2C7B7E1600660DE6 /* LoginView.swift in Sources */ = {isa = PBXBuildFile; fileRef = 9747A97D2C7B7E1600660DE6 /* LoginView.swift */; };
		9747A9802C7B7E4500660DE6 /* LoginViewModel.swift in Sources */ = {isa = PBXBuildFile; fileRef = 9747A97F2C7B7E4500660DE6 /* LoginViewModel.swift */; };
		9747A9822C7B7E9900660DE6 /* HomeView.swift in Sources */ = {isa = PBXBuildFile; fileRef = 9747A9812C7B7E9900660DE6 /* HomeView.swift */; };
		9747A9842C7B7EC100660DE6 /* HomeViewModel.swift in Sources */ = {isa = PBXBuildFile; fileRef = 9747A9832C7B7EC100660DE6 /* HomeViewModel.swift */; };
		9747A9862C7B802600660DE6 /* HomeDetailView.swift in Sources */ = {isa = PBXBuildFile; fileRef = 9747A9852C7B802600660DE6 /* HomeDetailView.swift */; };
		9747A9882C7B804D00660DE6 /* HomeDetailViewModel.swift in Sources */ = {isa = PBXBuildFile; fileRef = 9747A9872C7B804D00660DE6 /* HomeDetailViewModel.swift */; };
		9773333A2C7C217400830652 /* IdentifiableViewModel.swift in Sources */ = {isa = PBXBuildFile; fileRef = 977333392C7C217400830652 /* IdentifiableViewModel.swift */; };
/* End PBXBuildFile section */

/* Begin PBXContainerItemProxy section */
		9747A95D2C7B7BF500660DE6 /* PBXContainerItemProxy */ = {
			isa = PBXContainerItemProxy;
			containerPortal = 9747A9442C7B7BF300660DE6 /* Project object */;
			proxyType = 1;
			remoteGlobalIDString = 9747A94B2C7B7BF300660DE6;
			remoteInfo = CoordinatorPattern;
		};
		9747A9672C7B7BF500660DE6 /* PBXContainerItemProxy */ = {
			isa = PBXContainerItemProxy;
			containerPortal = 9747A9442C7B7BF300660DE6 /* Project object */;
			proxyType = 1;
			remoteGlobalIDString = 9747A94B2C7B7BF300660DE6;
			remoteInfo = CoordinatorPattern;
		};
/* End PBXContainerItemProxy section */

/* Begin PBXFileReference section */
		9747A94C2C7B7BF300660DE6 /* CoordinatorPattern.app */ = {isa = PBXFileReference; explicitFileType = wrapper.application; includeInIndex = 0; path = CoordinatorPattern.app; sourceTree = BUILT_PRODUCTS_DIR; };
		9747A94F2C7B7BF300660DE6 /* CoordinatorPatternApp.swift */ = {isa = PBXFileReference; lastKnownFileType = sourcecode.swift; path = CoordinatorPatternApp.swift; sourceTree = "<group>"; };
		9747A9532C7B7BF400660DE6 /* Assets.xcassets */ = {isa = PBXFileReference; lastKnownFileType = folder.assetcatalog; path = Assets.xcassets; sourceTree = "<group>"; };
		9747A9562C7B7BF400660DE6 /* Preview Assets.xcassets */ = {isa = PBXFileReference; lastKnownFileType = folder.assetcatalog; path = "Preview Assets.xcassets"; sourceTree = "<group>"; };
		9747A95C2C7B7BF500660DE6 /* CoordinatorPatternTests.xctest */ = {isa = PBXFileReference; explicitFileType = wrapper.cfbundle; includeInIndex = 0; path = CoordinatorPatternTests.xctest; sourceTree = BUILT_PRODUCTS_DIR; };
		9747A9602C7B7BF500660DE6 /* CoordinatorPatternTests.swift */ = {isa = PBXFileReference; lastKnownFileType = sourcecode.swift; path = CoordinatorPatternTests.swift; sourceTree = "<group>"; };
		9747A9662C7B7BF500660DE6 /* CoordinatorPatternUITests.xctest */ = {isa = PBXFileReference; explicitFileType = wrapper.cfbundle; includeInIndex = 0; path = CoordinatorPatternUITests.xctest; sourceTree = BUILT_PRODUCTS_DIR; };
		9747A96A2C7B7BF500660DE6 /* CoordinatorPatternUITests.swift */ = {isa = PBXFileReference; lastKnownFileType = sourcecode.swift; path = CoordinatorPatternUITests.swift; sourceTree = "<group>"; };
		9747A96C2C7B7BF500660DE6 /* CoordinatorPatternUITestsLaunchTests.swift */ = {isa = PBXFileReference; lastKnownFileType = sourcecode.swift; path = CoordinatorPatternUITestsLaunchTests.swift; sourceTree = "<group>"; };
		9747A97B2C7B7C5900660DE6 /* AppCoordinator.swift */ = {isa = PBXFileReference; lastKnownFileType = sourcecode.swift; path = AppCoordinator.swift; sourceTree = "<group>"; };
		9747A97D2C7B7E1600660DE6 /* LoginView.swift */ = {isa = PBXFileReference; lastKnownFileType = sourcecode.swift; path = LoginView.swift; sourceTree = "<group>"; };
		9747A97F2C7B7E4500660DE6 /* LoginViewModel.swift */ = {isa = PBXFileReference; lastKnownFileType = sourcecode.swift; path = LoginViewModel.swift; sourceTree = "<group>"; };
		9747A9812C7B7E9900660DE6 /* HomeView.swift */ = {isa = PBXFileReference; lastKnownFileType = sourcecode.swift; path = HomeView.swift; sourceTree = "<group>"; };
		9747A9832C7B7EC100660DE6 /* HomeViewModel.swift */ = {isa = PBXFileReference; lastKnownFileType = sourcecode.swift; path = HomeViewModel.swift; sourceTree = "<group>"; };
		9747A9852C7B802600660DE6 /* HomeDetailView.swift */ = {isa = PBXFileReference; lastKnownFileType = sourcecode.swift; path = HomeDetailView.swift; sourceTree = "<group>"; };
		9747A9872C7B804D00660DE6 /* HomeDetailViewModel.swift */ = {isa = PBXFileReference; lastKnownFileType = sourcecode.swift; path = HomeDetailViewModel.swift; sourceTree = "<group>"; };
		977333392C7C217400830652 /* IdentifiableViewModel.swift */ = {isa = PBXFileReference; lastKnownFileType = sourcecode.swift; path = IdentifiableViewModel.swift; sourceTree = "<group>"; };
/* End PBXFileReference section */

/* Begin PBXFrameworksBuildPhase section */
		9747A9492C7B7BF300660DE6 /* Frameworks */ = {
			isa = PBXFrameworksBuildPhase;
			buildActionMask = 2147483647;
			files = (
			);
			runOnlyForDeploymentPostprocessing = 0;
		};
		9747A9592C7B7BF500660DE6 /* Frameworks */ = {
			isa = PBXFrameworksBuildPhase;
			buildActionMask = 2147483647;
			files = (
			);
			runOnlyForDeploymentPostprocessing = 0;
		};
		9747A9632C7B7BF500660DE6 /* Frameworks */ = {
			isa = PBXFrameworksBuildPhase;
			buildActionMask = 2147483647;
			files = (
			);
			runOnlyForDeploymentPostprocessing = 0;
		};
/* End PBXFrameworksBuildPhase section */

/* Begin PBXGroup section */
		9747A9432C7B7BF300660DE6 = {
			isa = PBXGroup;
			children = (
				9747A94E2C7B7BF300660DE6 /* CoordinatorPattern */,
				9747A95F2C7B7BF500660DE6 /* CoordinatorPatternTests */,
				9747A9692C7B7BF500660DE6 /* CoordinatorPatternUITests */,
				9747A94D2C7B7BF300660DE6 /* Products */,
			);
			sourceTree = "<group>";
		};
		9747A94D2C7B7BF300660DE6 /* Products */ = {
			isa = PBXGroup;
			children = (
				9747A94C2C7B7BF300660DE6 /* CoordinatorPattern.app */,
				9747A95C2C7B7BF500660DE6 /* CoordinatorPatternTests.xctest */,
				9747A9662C7B7BF500660DE6 /* CoordinatorPatternUITests.xctest */,
			);
			name = Products;
			sourceTree = "<group>";
		};
		9747A94E2C7B7BF300660DE6 /* CoordinatorPattern */ = {
			isa = PBXGroup;
			children = (
				977333372C7C213D00830652 /* Util */,
				977333362C7C211A00830652 /* ViewModel */,
				977333352C7C210600830652 /* View */,
				9747A94F2C7B7BF300660DE6 /* CoordinatorPatternApp.swift */,
				9747A9532C7B7BF400660DE6 /* Assets.xcassets */,
				9747A9552C7B7BF400660DE6 /* Preview Content */,
			);
			path = CoordinatorPattern;
			sourceTree = "<group>";
		};
		9747A9552C7B7BF400660DE6 /* Preview Content */ = {
			isa = PBXGroup;
			children = (
				9747A9562C7B7BF400660DE6 /* Preview Assets.xcassets */,
			);
			path = "Preview Content";
			sourceTree = "<group>";
		};
		9747A95F2C7B7BF500660DE6 /* CoordinatorPatternTests */ = {
			isa = PBXGroup;
			children = (
				9747A9602C7B7BF500660DE6 /* CoordinatorPatternTests.swift */,
			);
			path = CoordinatorPatternTests;
			sourceTree = "<group>";
		};
		9747A9692C7B7BF500660DE6 /* CoordinatorPatternUITests */ = {
			isa = PBXGroup;
			children = (
				9747A96A2C7B7BF500660DE6 /* CoordinatorPatternUITests.swift */,
				9747A96C2C7B7BF500660DE6 /* CoordinatorPatternUITestsLaunchTests.swift */,
			);
			path = CoordinatorPatternUITests;
			sourceTree = "<group>";
		};
		977333352C7C210600830652 /* View */ = {
			isa = PBXGroup;
			children = (
				9747A97D2C7B7E1600660DE6 /* LoginView.swift */,
				9747A9812C7B7E9900660DE6 /* HomeView.swift */,
				9747A9852C7B802600660DE6 /* HomeDetailView.swift */,
			);
			path = View;
			sourceTree = "<group>";
		};
		977333362C7C211A00830652 /* ViewModel */ = {
			isa = PBXGroup;
			children = (
				9747A97F2C7B7E4500660DE6 /* LoginViewModel.swift */,
				9747A9832C7B7EC100660DE6 /* HomeViewModel.swift */,
				9747A9872C7B804D00660DE6 /* HomeDetailViewModel.swift */,
			);
			path = ViewModel;
			sourceTree = "<group>";
		};
		977333372C7C213D00830652 /* Util */ = {
			isa = PBXGroup;
			children = (
				977333382C7C215D00830652 /* Protocol */,
				9747A97B2C7B7C5900660DE6 /* AppCoordinator.swift */,
			);
			path = Util;
			sourceTree = "<group>";
		};
		977333382C7C215D00830652 /* Protocol */ = {
			isa = PBXGroup;
			children = (
				977333392C7C217400830652 /* IdentifiableViewModel.swift */,
			);
			path = Protocol;
			sourceTree = "<group>";
		};
/* End PBXGroup section */

/* Begin PBXNativeTarget section */
		9747A94B2C7B7BF300660DE6 /* CoordinatorPattern */ = {
			isa = PBXNativeTarget;
			buildConfigurationList = 9747A9702C7B7BF500660DE6 /* Build configuration list for PBXNativeTarget "CoordinatorPattern" */;
			buildPhases = (
				9747A9482C7B7BF300660DE6 /* Sources */,
				9747A9492C7B7BF300660DE6 /* Frameworks */,
				9747A94A2C7B7BF300660DE6 /* Resources */,
			);
			buildRules = (
			);
			dependencies = (
			);
			name = CoordinatorPattern;
			productName = CoordinatorPattern;
			productReference = 9747A94C2C7B7BF300660DE6 /* CoordinatorPattern.app */;
			productType = "com.apple.product-type.application";
		};
		9747A95B2C7B7BF500660DE6 /* CoordinatorPatternTests */ = {
			isa = PBXNativeTarget;
			buildConfigurationList = 9747A9732C7B7BF500660DE6 /* Build configuration list for PBXNativeTarget "CoordinatorPatternTests" */;
			buildPhases = (
				9747A9582C7B7BF500660DE6 /* Sources */,
				9747A9592C7B7BF500660DE6 /* Frameworks */,
				9747A95A2C7B7BF500660DE6 /* Resources */,
			);
			buildRules = (
			);
			dependencies = (
				9747A95E2C7B7BF500660DE6 /* PBXTargetDependency */,
			);
			name = CoordinatorPatternTests;
			productName = CoordinatorPatternTests;
			productReference = 9747A95C2C7B7BF500660DE6 /* CoordinatorPatternTests.xctest */;
			productType = "com.apple.product-type.bundle.unit-test";
		};
		9747A9652C7B7BF500660DE6 /* CoordinatorPatternUITests */ = {
			isa = PBXNativeTarget;
			buildConfigurationList = 9747A9762C7B7BF500660DE6 /* Build configuration list for PBXNativeTarget "CoordinatorPatternUITests" */;
			buildPhases = (
				9747A9622C7B7BF500660DE6 /* Sources */,
				9747A9632C7B7BF500660DE6 /* Frameworks */,
				9747A9642C7B7BF500660DE6 /* Resources */,
			);
			buildRules = (
			);
			dependencies = (
				9747A9682C7B7BF500660DE6 /* PBXTargetDependency */,
			);
			name = CoordinatorPatternUITests;
			productName = CoordinatorPatternUITests;
			productReference = 9747A9662C7B7BF500660DE6 /* CoordinatorPatternUITests.xctest */;
			productType = "com.apple.product-type.bundle.ui-testing";
		};
/* End PBXNativeTarget section */

/* Begin PBXProject section */
		9747A9442C7B7BF300660DE6 /* Project object */ = {
			isa = PBXProject;
			attributes = {
				BuildIndependentTargetsInParallel = 1;
				LastSwiftUpdateCheck = 1540;
				LastUpgradeCheck = 1540;
				TargetAttributes = {
					9747A94B2C7B7BF300660DE6 = {
						CreatedOnToolsVersion = 15.4;
					};
					9747A95B2C7B7BF500660DE6 = {
						CreatedOnToolsVersion = 15.4;
						TestTargetID = 9747A94B2C7B7BF300660DE6;
					};
					9747A9652C7B7BF500660DE6 = {
						CreatedOnToolsVersion = 15.4;
						TestTargetID = 9747A94B2C7B7BF300660DE6;
					};
				};
			};
			buildConfigurationList = 9747A9472C7B7BF300660DE6 /* Build configuration list for PBXProject "CoordinatorPattern" */;
			compatibilityVersion = "Xcode 14.0";
			developmentRegion = en;
			hasScannedForEncodings = 0;
			knownRegions = (
				en,
				Base,
			);
			mainGroup = 9747A9432C7B7BF300660DE6;
			productRefGroup = 9747A94D2C7B7BF300660DE6 /* Products */;
			projectDirPath = "";
			projectRoot = "";
			targets = (
				9747A94B2C7B7BF300660DE6 /* CoordinatorPattern */,
				9747A95B2C7B7BF500660DE6 /* CoordinatorPatternTests */,
				9747A9652C7B7BF500660DE6 /* CoordinatorPatternUITests */,
			);
		};
/* End PBXProject section */

/* Begin PBXResourcesBuildPhase section */
		9747A94A2C7B7BF300660DE6 /* Resources */ = {
			isa = PBXResourcesBuildPhase;
			buildActionMask = 2147483647;
			files = (
				9747A9572C7B7BF400660DE6 /* Preview Assets.xcassets in Resources */,
				9747A9542C7B7BF400660DE6 /* Assets.xcassets in Resources */,
			);
			runOnlyForDeploymentPostprocessing = 0;
		};
		9747A95A2C7B7BF500660DE6 /* Resources */ = {
			isa = PBXResourcesBuildPhase;
			buildActionMask = 2147483647;
			files = (
			);
			runOnlyForDeploymentPostprocessing = 0;
		};
		9747A9642C7B7BF500660DE6 /* Resources */ = {
			isa = PBXResourcesBuildPhase;
			buildActionMask = 2147483647;
			files = (
			);
			runOnlyForDeploymentPostprocessing = 0;
		};
/* End PBXResourcesBuildPhase section */

/* Begin PBXSourcesBuildPhase section */
		9747A9482C7B7BF300660DE6 /* Sources */ = {
			isa = PBXSourcesBuildPhase;
			buildActionMask = 2147483647;
			files = (
				9773333A2C7C217400830652 /* IdentifiableViewModel.swift in Sources */,
				9747A9862C7B802600660DE6 /* HomeDetailView.swift in Sources */,
				9747A97C2C7B7C5900660DE6 /* AppCoordinator.swift in Sources */,
				9747A9822C7B7E9900660DE6 /* HomeView.swift in Sources */,
				9747A9842C7B7EC100660DE6 /* HomeViewModel.swift in Sources */,
				9747A9802C7B7E4500660DE6 /* LoginViewModel.swift in Sources */,
				9747A9502C7B7BF300660DE6 /* CoordinatorPatternApp.swift in Sources */,
				9747A97E2C7B7E1600660DE6 /* LoginView.swift in Sources */,
				9747A9882C7B804D00660DE6 /* HomeDetailViewModel.swift in Sources */,
			);
			runOnlyForDeploymentPostprocessing = 0;
		};
		9747A9582C7B7BF500660DE6 /* Sources */ = {
			isa = PBXSourcesBuildPhase;
			buildActionMask = 2147483647;
			files = (
				9747A9612C7B7BF500660DE6 /* CoordinatorPatternTests.swift in Sources */,
			);
			runOnlyForDeploymentPostprocessing = 0;
		};
		9747A9622C7B7BF500660DE6 /* Sources */ = {
			isa = PBXSourcesBuildPhase;
			buildActionMask = 2147483647;
			files = (
				9747A96D2C7B7BF500660DE6 /* CoordinatorPatternUITestsLaunchTests.swift in Sources */,
				9747A96B2C7B7BF500660DE6 /* CoordinatorPatternUITests.swift in Sources */,
			);
			runOnlyForDeploymentPostprocessing = 0;
		};
/* End PBXSourcesBuildPhase section */

/* Begin PBXTargetDependency section */
		9747A95E2C7B7BF500660DE6 /* PBXTargetDependency */ = {
			isa = PBXTargetDependency;
			target = 9747A94B2C7B7BF300660DE6 /* CoordinatorPattern */;
			targetProxy = 9747A95D2C7B7BF500660DE6 /* PBXContainerItemProxy */;
		};
		9747A9682C7B7BF500660DE6 /* PBXTargetDependency */ = {
			isa = PBXTargetDependency;
			target = 9747A94B2C7B7BF300660DE6 /* CoordinatorPattern */;
			targetProxy = 9747A9672C7B7BF500660DE6 /* PBXContainerItemProxy */;
		};
/* End PBXTargetDependency section */

/* Begin XCBuildConfiguration section */
		9747A96E2C7B7BF500660DE6 /* Debug */ = {
			isa = XCBuildConfiguration;
			buildSettings = {
				ALWAYS_SEARCH_USER_PATHS = NO;
				ASSETCATALOG_COMPILER_GENERATE_SWIFT_ASSET_SYMBOL_EXTENSIONS = YES;
				CLANG_ANALYZER_NONNULL = YES;
				CLANG_ANALYZER_NUMBER_OBJECT_CONVERSION = YES_AGGRESSIVE;
				CLANG_CXX_LANGUAGE_STANDARD = "gnu++20";
				CLANG_ENABLE_MODULES = YES;
				CLANG_ENABLE_OBJC_ARC = YES;
				CLANG_ENABLE_OBJC_WEAK = YES;
				CLANG_WARN_BLOCK_CAPTURE_AUTORELEASING = YES;
				CLANG_WARN_BOOL_CONVERSION = YES;
				CLANG_WARN_COMMA = YES;
				CLANG_WARN_CONSTANT_CONVERSION = YES;
				CLANG_WARN_DEPRECATED_OBJC_IMPLEMENTATIONS = YES;
				CLANG_WARN_DIRECT_OBJC_ISA_USAGE = YES_ERROR;
				CLANG_WARN_DOCUMENTATION_COMMENTS = YES;
				CLANG_WARN_EMPTY_BODY = YES;
				CLANG_WARN_ENUM_CONVERSION = YES;
				CLANG_WARN_INFINITE_RECURSION = YES;
				CLANG_WARN_INT_CONVERSION = YES;
				CLANG_WARN_NON_LITERAL_NULL_CONVERSION = YES;
				CLANG_WARN_OBJC_IMPLICIT_RETAIN_SELF = YES;
				CLANG_WARN_OBJC_LITERAL_CONVERSION = YES;
				CLANG_WARN_OBJC_ROOT_CLASS = YES_ERROR;
				CLANG_WARN_QUOTED_INCLUDE_IN_FRAMEWORK_HEADER = YES;
				CLANG_WARN_RANGE_LOOP_ANALYSIS = YES;
				CLANG_WARN_STRICT_PROTOTYPES = YES;
				CLANG_WARN_SUSPICIOUS_MOVE = YES;
				CLANG_WARN_UNGUARDED_AVAILABILITY = YES_AGGRESSIVE;
				CLANG_WARN_UNREACHABLE_CODE = YES;
				CLANG_WARN__DUPLICATE_METHOD_MATCH = YES;
				COPY_PHASE_STRIP = NO;
				DEBUG_INFORMATION_FORMAT = dwarf;
				ENABLE_STRICT_OBJC_MSGSEND = YES;
				ENABLE_TESTABILITY = YES;
				ENABLE_USER_SCRIPT_SANDBOXING = YES;
				GCC_C_LANGUAGE_STANDARD = gnu17;
				GCC_DYNAMIC_NO_PIC = NO;
				GCC_NO_COMMON_BLOCKS = YES;
				GCC_OPTIMIZATION_LEVEL = 0;
				GCC_PREPROCESSOR_DEFINITIONS = (
					"DEBUG=1",
					"$(inherited)",
				);
				GCC_WARN_64_TO_32_BIT_CONVERSION = YES;
				GCC_WARN_ABOUT_RETURN_TYPE = YES_ERROR;
				GCC_WARN_UNDECLARED_SELECTOR = YES;
				GCC_WARN_UNINITIALIZED_AUTOS = YES_AGGRESSIVE;
				GCC_WARN_UNUSED_FUNCTION = YES;
				GCC_WARN_UNUSED_VARIABLE = YES;
				IPHONEOS_DEPLOYMENT_TARGET = 17.5;
				LOCALIZATION_PREFERS_STRING_CATALOGS = YES;
				MTL_ENABLE_DEBUG_INFO = INCLUDE_SOURCE;
				MTL_FAST_MATH = YES;
				ONLY_ACTIVE_ARCH = YES;
				SDKROOT = iphoneos;
				SWIFT_ACTIVE_COMPILATION_CONDITIONS = "DEBUG $(inherited)";
				SWIFT_OPTIMIZATION_LEVEL = "-Onone";
			};
			name = Debug;
		};
		9747A96F2C7B7BF500660DE6 /* Release */ = {
			isa = XCBuildConfiguration;
			buildSettings = {
				ALWAYS_SEARCH_USER_PATHS = NO;
				ASSETCATALOG_COMPILER_GENERATE_SWIFT_ASSET_SYMBOL_EXTENSIONS = YES;
				CLANG_ANALYZER_NONNULL = YES;
				CLANG_ANALYZER_NUMBER_OBJECT_CONVERSION = YES_AGGRESSIVE;
				CLANG_CXX_LANGUAGE_STANDARD = "gnu++20";
				CLANG_ENABLE_MODULES = YES;
				CLANG_ENABLE_OBJC_ARC = YES;
				CLANG_ENABLE_OBJC_WEAK = YES;
				CLANG_WARN_BLOCK_CAPTURE_AUTORELEASING = YES;
				CLANG_WARN_BOOL_CONVERSION = YES;
				CLANG_WARN_COMMA = YES;
				CLANG_WARN_CONSTANT_CONVERSION = YES;
				CLANG_WARN_DEPRECATED_OBJC_IMPLEMENTATIONS = YES;
				CLANG_WARN_DIRECT_OBJC_ISA_USAGE = YES_ERROR;
				CLANG_WARN_DOCUMENTATION_COMMENTS = YES;
				CLANG_WARN_EMPTY_BODY = YES;
				CLANG_WARN_ENUM_CONVERSION = YES;
				CLANG_WARN_INFINITE_RECURSION = YES;
				CLANG_WARN_INT_CONVERSION = YES;
				CLANG_WARN_NON_LITERAL_NULL_CONVERSION = YES;
				CLANG_WARN_OBJC_IMPLICIT_RETAIN_SELF = YES;
				CLANG_WARN_OBJC_LITERAL_CONVERSION = YES;
				CLANG_WARN_OBJC_ROOT_CLASS = YES_ERROR;
				CLANG_WARN_QUOTED_INCLUDE_IN_FRAMEWORK_HEADER = YES;
				CLANG_WARN_RANGE_LOOP_ANALYSIS = YES;
				CLANG_WARN_STRICT_PROTOTYPES = YES;
				CLANG_WARN_SUSPICIOUS_MOVE = YES;
				CLANG_WARN_UNGUARDED_AVAILABILITY = YES_AGGRESSIVE;
				CLANG_WARN_UNREACHABLE_CODE = YES;
				CLANG_WARN__DUPLICATE_METHOD_MATCH = YES;
				COPY_PHASE_STRIP = NO;
				DEBUG_INFORMATION_FORMAT = "dwarf-with-dsym";
				ENABLE_NS_ASSERTIONS = NO;
				ENABLE_STRICT_OBJC_MSGSEND = YES;
				ENABLE_USER_SCRIPT_SANDBOXING = YES;
				GCC_C_LANGUAGE_STANDARD = gnu17;
				GCC_NO_COMMON_BLOCKS = YES;
				GCC_WARN_64_TO_32_BIT_CONVERSION = YES;
				GCC_WARN_ABOUT_RETURN_TYPE = YES_ERROR;
				GCC_WARN_UNDECLARED_SELECTOR = YES;
				GCC_WARN_UNINITIALIZED_AUTOS = YES_AGGRESSIVE;
				GCC_WARN_UNUSED_FUNCTION = YES;
				GCC_WARN_UNUSED_VARIABLE = YES;
				IPHONEOS_DEPLOYMENT_TARGET = 17.5;
				LOCALIZATION_PREFERS_STRING_CATALOGS = YES;
				MTL_ENABLE_DEBUG_INFO = NO;
				MTL_FAST_MATH = YES;
				SDKROOT = iphoneos;
				SWIFT_COMPILATION_MODE = wholemodule;
				VALIDATE_PRODUCT = YES;
			};
			name = Release;
		};
		9747A9712C7B7BF500660DE6 /* Debug */ = {
			isa = XCBuildConfiguration;
			buildSettings = {
				ASSETCATALOG_COMPILER_APPICON_NAME = AppIcon;
				ASSETCATALOG_COMPILER_GLOBAL_ACCENT_COLOR_NAME = AccentColor;
				CODE_SIGN_STYLE = Automatic;
				CURRENT_PROJECT_VERSION = 1;
				DEVELOPMENT_ASSET_PATHS = "\"CoordinatorPattern/Preview Content\"";
				DEVELOPMENT_TEAM = MR2ZBRMX7N;
				ENABLE_PREVIEWS = YES;
				GENERATE_INFOPLIST_FILE = YES;
				INFOPLIST_KEY_UIApplicationSceneManifest_Generation = YES;
				INFOPLIST_KEY_UIApplicationSupportsIndirectInputEvents = YES;
				INFOPLIST_KEY_UILaunchScreen_Generation = YES;
				INFOPLIST_KEY_UISupportedInterfaceOrientations_iPad = "UIInterfaceOrientationPortrait UIInterfaceOrientationPortraitUpsideDown UIInterfaceOrientationLandscapeLeft UIInterfaceOrientationLandscapeRight";
				INFOPLIST_KEY_UISupportedInterfaceOrientations_iPhone = "UIInterfaceOrientationPortrait UIInterfaceOrientationLandscapeLeft UIInterfaceOrientationLandscapeRight";
				LD_RUNPATH_SEARCH_PATHS = (
					"$(inherited)",
					"@executable_path/Frameworks",
				);
				MARKETING_VERSION = 1.0;
				PRODUCT_BUNDLE_IDENTIFIER = com.chronelab.CoordinatorPattern;
				PRODUCT_NAME = "$(TARGET_NAME)";
				SWIFT_EMIT_LOC_STRINGS = YES;
				SWIFT_VERSION = 5.0;
				TARGETED_DEVICE_FAMILY = "1,2";
			};
			name = Debug;
		};
		9747A9722C7B7BF500660DE6 /* Release */ = {
			isa = XCBuildConfiguration;
			buildSettings = {
				ASSETCATALOG_COMPILER_APPICON_NAME = AppIcon;
				ASSETCATALOG_COMPILER_GLOBAL_ACCENT_COLOR_NAME = AccentColor;
				CODE_SIGN_STYLE = Automatic;
				CURRENT_PROJECT_VERSION = 1;
				DEVELOPMENT_ASSET_PATHS = "\"CoordinatorPattern/Preview Content\"";
				DEVELOPMENT_TEAM = MR2ZBRMX7N;
				ENABLE_PREVIEWS = YES;
				GENERATE_INFOPLIST_FILE = YES;
				INFOPLIST_KEY_UIApplicationSceneManifest_Generation = YES;
				INFOPLIST_KEY_UIApplicationSupportsIndirectInputEvents = YES;
				INFOPLIST_KEY_UILaunchScreen_Generation = YES;
				INFOPLIST_KEY_UISupportedInterfaceOrientations_iPad = "UIInterfaceOrientationPortrait UIInterfaceOrientationPortraitUpsideDown UIInterfaceOrientationLandscapeLeft UIInterfaceOrientationLandscapeRight";
				INFOPLIST_KEY_UISupportedInterfaceOrientations_iPhone = "UIInterfaceOrientationPortrait UIInterfaceOrientationLandscapeLeft UIInterfaceOrientationLandscapeRight";
				LD_RUNPATH_SEARCH_PATHS = (
					"$(inherited)",
					"@executable_path/Frameworks",
				);
				MARKETING_VERSION = 1.0;
				PRODUCT_BUNDLE_IDENTIFIER = com.chronelab.CoordinatorPattern;
				PRODUCT_NAME = "$(TARGET_NAME)";
				SWIFT_EMIT_LOC_STRINGS = YES;
				SWIFT_VERSION = 5.0;
				TARGETED_DEVICE_FAMILY = "1,2";
			};
			name = Release;
		};
		9747A9742C7B7BF500660DE6 /* Debug */ = {
			isa = XCBuildConfiguration;
			buildSettings = {
				ALWAYS_EMBED_SWIFT_STANDARD_LIBRARIES = YES;
				BUNDLE_LOADER = "$(TEST_HOST)";
				CODE_SIGN_STYLE = Automatic;
				CURRENT_PROJECT_VERSION = 1;
				DEVELOPMENT_TEAM = MR2ZBRMX7N;
				GENERATE_INFOPLIST_FILE = YES;
				IPHONEOS_DEPLOYMENT_TARGET = 17.5;
				MARKETING_VERSION = 1.0;
				PRODUCT_BUNDLE_IDENTIFIER = com.chronelab.CoordinatorPatternTests;
				PRODUCT_NAME = "$(TARGET_NAME)";
				SWIFT_EMIT_LOC_STRINGS = NO;
				SWIFT_VERSION = 5.0;
				TARGETED_DEVICE_FAMILY = "1,2";
				TEST_HOST = "$(BUILT_PRODUCTS_DIR)/CoordinatorPattern.app/$(BUNDLE_EXECUTABLE_FOLDER_PATH)/CoordinatorPattern";
			};
			name = Debug;
		};
		9747A9752C7B7BF500660DE6 /* Release */ = {
			isa = XCBuildConfiguration;
			buildSettings = {
				ALWAYS_EMBED_SWIFT_STANDARD_LIBRARIES = YES;
				BUNDLE_LOADER = "$(TEST_HOST)";
				CODE_SIGN_STYLE = Automatic;
				CURRENT_PROJECT_VERSION = 1;
				DEVELOPMENT_TEAM = MR2ZBRMX7N;
				GENERATE_INFOPLIST_FILE = YES;
				IPHONEOS_DEPLOYMENT_TARGET = 17.5;
				MARKETING_VERSION = 1.0;
				PRODUCT_BUNDLE_IDENTIFIER = com.chronelab.CoordinatorPatternTests;
				PRODUCT_NAME = "$(TARGET_NAME)";
				SWIFT_EMIT_LOC_STRINGS = NO;
				SWIFT_VERSION = 5.0;
				TARGETED_DEVICE_FAMILY = "1,2";
				TEST_HOST = "$(BUILT_PRODUCTS_DIR)/CoordinatorPattern.app/$(BUNDLE_EXECUTABLE_FOLDER_PATH)/CoordinatorPattern";
			};
			name = Release;
		};
		9747A9772C7B7BF500660DE6 /* Debug */ = {
			isa = XCBuildConfiguration;
			buildSettings = {
				ALWAYS_EMBED_SWIFT_STANDARD_LIBRARIES = YES;
				CODE_SIGN_STYLE = Automatic;
				CURRENT_PROJECT_VERSION = 1;
				DEVELOPMENT_TEAM = MR2ZBRMX7N;
				GENERATE_INFOPLIST_FILE = YES;
				MARKETING_VERSION = 1.0;
				PRODUCT_BUNDLE_IDENTIFIER = com.chronelab.CoordinatorPatternUITests;
				PRODUCT_NAME = "$(TARGET_NAME)";
				SWIFT_EMIT_LOC_STRINGS = NO;
				SWIFT_VERSION = 5.0;
				TARGETED_DEVICE_FAMILY = "1,2";
				TEST_TARGET_NAME = CoordinatorPattern;
			};
			name = Debug;
		};
		9747A9782C7B7BF500660DE6 /* Release */ = {
			isa = XCBuildConfiguration;
			buildSettings = {
				ALWAYS_EMBED_SWIFT_STANDARD_LIBRARIES = YES;
				CODE_SIGN_STYLE = Automatic;
				CURRENT_PROJECT_VERSION = 1;
				DEVELOPMENT_TEAM = MR2ZBRMX7N;
				GENERATE_INFOPLIST_FILE = YES;
				MARKETING_VERSION = 1.0;
				PRODUCT_BUNDLE_IDENTIFIER = com.chronelab.CoordinatorPatternUITests;
				PRODUCT_NAME = "$(TARGET_NAME)";
				SWIFT_EMIT_LOC_STRINGS = NO;
				SWIFT_VERSION = 5.0;
				TARGETED_DEVICE_FAMILY = "1,2";
				TEST_TARGET_NAME = CoordinatorPattern;
			};
			name = Release;
		};
/* End XCBuildConfiguration section */

/* Begin XCConfigurationList section */
		9747A9472C7B7BF300660DE6 /* Build configuration list for PBXProject "CoordinatorPattern" */ = {
			isa = XCConfigurationList;
			buildConfigurations = (
				9747A96E2C7B7BF500660DE6 /* Debug */,
				9747A96F2C7B7BF500660DE6 /* Release */,
			);
			defaultConfigurationIsVisible = 0;
			defaultConfigurationName = Release;
		};
		9747A9702C7B7BF500660DE6 /* Build configuration list for PBXNativeTarget "CoordinatorPattern" */ = {
			isa = XCConfigurationList;
			buildConfigurations = (
				9747A9712C7B7BF500660DE6 /* Debug */,
				9747A9722C7B7BF500660DE6 /* Release */,
			);
			defaultConfigurationIsVisible = 0;
			defaultConfigurationName = Release;
		};
		9747A9732C7B7BF500660DE6 /* Build configuration list for PBXNativeTarget "CoordinatorPatternTests" */ = {
			isa = XCConfigurationList;
			buildConfigurations = (
				9747A9742C7B7BF500660DE6 /* Debug */,
				9747A9752C7B7BF500660DE6 /* Release */,
			);
			defaultConfigurationIsVisible = 0;
			defaultConfigurationName = Release;
		};
		9747A9762C7B7BF500660DE6 /* Build configuration list for PBXNativeTarget "CoordinatorPatternUITests" */ = {
			isa = XCConfigurationList;
			buildConfigurations = (
				9747A9772C7B7BF500660DE6 /* Debug */,
				9747A9782C7B7BF500660DE6 /* Release */,
			);
			defaultConfigurationIsVisible = 0;
			defaultConfigurationName = Release;
		};
/* End XCConfigurationList section */
	};
	rootObject = 9747A9442C7B7BF300660DE6 /* Project object */;
}
